
Microsoft Visual Studio Solution File, Format Version 12.00
# Visual Studio Version 16
VisualStudioVersion = 16.0.29613.14
MinimumVisualStudioVersion = 10.0.40219.1
Project("{9A19103F-16F7-4668-BE54-9A1E7A4F7556}") = "Week2.Classes", "Week2.Classes\Week2.Classes.csproj", "{6229909D-1DD0-4ADD-BE82-17E8BFAE8019}"
EndProject
Project("{9A19103F-16F7-4668-BE54-9A1E7A4F7556}") = "Week2.App", "Week2.App\Week2.App.csproj", "{D7719D8C-8D87-4A6E-96C3-850CBFBE552C}"
EndProject
Global
	GlobalSection(SolutionConfigurationPlatforms) = preSolution
		Debug|Any CPU = Debug|Any CPU
		Release|Any CPU = Release|Any CPU
	EndGlobalSection
	GlobalSection(ProjectConfigurationPlatforms) = postSolution
		{6229909D-1DD0-4ADD-BE82-17E8BFAE8019}.Debug|Any CPU.ActiveCfg = Debug|Any CPU
		{6229909D-1DD0-4ADD-BE82-17E8BFAE8019}.Debug|Any CPU.Build.0 = Debug|Any CPU
		{6229909D-1DD0-4ADD-BE82-17E8BFAE8019}.Release|Any CPU.ActiveCfg = Release|Any CPU
		{6229909D-1DD0-4ADD-BE82-17E8BFAE8019}.Release|Any CPU.Build.0 = Release|Any CPU
		{D7719D8C-8D87-4A6E-96C3-850CBFBE552C}.Debug|Any CPU.ActiveCfg = Debug|Any CPU
		{D7719D8C-8D87-4A6E-96C3-850CBFBE552C}.Debug|Any CPU.Build.0 = Debug|Any CPU
		{D7719D8C-8D87-4A6E-96C3-850CBFBE552C}.Release|Any CPU.ActiveCfg = Release|Any CPU
		{D7719D8C-8D87-4A6E-96C3-850CBFBE552C}.Release|Any CPU.Build.0 = Release|Any CPU
	EndGlobalSection
	GlobalSection(SolutionProperties) = preSolution
		HideSolutionNode = FALSE
	EndGlobalSection
	GlobalSection(ExtensibilityGlobals) = postSolution
		SolutionGuid = {A742513D-69F7-4420-B00B-AEFF01537BD7}
	EndGlobalSection
EndGlobal
