
Microsoft Visual Studio Solution File, Format Version 12.00
# Visual Studio Version 16
VisualStudioVersion = 16.0.29613.14
MinimumVisualStudioVersion = 10.0.40219.1
Project("{FAE04EC0-301F-11D3-BF4B-00C04F79EFBC}") = "Week1_Exercise", "Week1_Exercise\Week1_Exercise.csproj", "{606D760B-F31A-4753-9566-0E8DD5F6002B}"
EndProject
Global
	GlobalSection(SolutionConfigurationPlatforms) = preSolution
		Debug|Any CPU = Debug|Any CPU
		Release|Any CPU = Release|Any CPU
	EndGlobalSection
	GlobalSection(ProjectConfigurationPlatforms) = postSolution
		{606D760B-F31A-4753-9566-0E8DD5F6002B}.Debug|Any CPU.ActiveCfg = Debug|Any CPU
		{606D760B-F31A-4753-9566-0E8DD5F6002B}.Debug|Any CPU.Build.0 = Debug|Any CPU
		{606D760B-F31A-4753-9566-0E8DD5F6002B}.Release|Any CPU.ActiveCfg = Release|Any CPU
		{606D760B-F31A-4753-9566-0E8DD5F6002B}.Release|Any CPU.Build.0 = Release|Any CPU
	EndGlobalSection
	GlobalSection(SolutionProperties) = preSolution
		HideSolutionNode = FALSE
	EndGlobalSection
	GlobalSection(ExtensibilityGlobals) = postSolution
		SolutionGuid = {B78F7B1C-384B-4B70-91CE-93DC5B3EC265}
	EndGlobalSection
EndGlobal
